
Microsoft Visual Studio Solution File, Format Version 12.00
# Visual Studio Version 16
VisualStudioVersion = 16.0.30104.148
MinimumVisualStudioVersion = 10.0.40219.1
Project("{FAE04EC0-301F-11D3-BF4B-00C04F79EFBC}") = "fudWebClient", "fudWebClient\fudWebClient.csproj", "{8AAD28DA-2828-4C88-87A5-C523B180B886}"
EndProject
Global
	GlobalSection(SolutionConfigurationPlatforms) = preSolution
		Debug|Any CPU = Debug|Any CPU
		Release|Any CPU = Release|Any CPU
	EndGlobalSection
	GlobalSection(ProjectConfigurationPlatforms) = postSolution
		{8AAD28DA-2828-4C88-87A5-C523B180B886}.Debug|Any CPU.ActiveCfg = Debug|Any CPU
		{8AAD28DA-2828-4C88-87A5-C523B180B886}.Debug|Any CPU.Build.0 = Debug|Any CPU
		{8AAD28DA-2828-4C88-87A5-C523B180B886}.Release|Any CPU.ActiveCfg = Release|Any CPU
		{8AAD28DA-2828-4C88-87A5-C523B180B886}.Release|Any CPU.Build.0 = Release|Any CPU
	EndGlobalSection
	GlobalSection(SolutionProperties) = preSolution
		HideSolutionNode = FALSE
	EndGlobalSection
	GlobalSection(ExtensibilityGlobals) = postSolution
		SolutionGuid = {613B2859-C1CE-4927-81A6-62F90225E3C3}
	EndGlobalSection
EndGlobal
